{
  "name": "week08_BackEnd",
  "lockfileVersion": 2,
  "requires": true,
  "packages": {
    "": {
      "dependencies": {
        "postgres": "^3.2.4"
      }
    },
    "node_modules/postgres": {
      "version": "3.2.4",
      "resolved": "https://registry.npmjs.org/postgres/-/postgres-3.2.4.tgz",
      "integrity": "sha512-iscysD+ZlM4A9zj0RS2zo3f4Us4yuov94Yx+p3dE1rEARaBHC8R3/gRq40KEnWp1lxjuFq9EjuAenIUsPaTaDA==",
      "funding": {
        "type": "individual",
        "url": "https://github.com/sponsors/porsager"
      }
    }
  },
  "dependencies": {
    "postgres": {
      "version": "3.2.4",
      "resolved": "https://registry.npmjs.org/postgres/-/postgres-3.2.4.tgz",
      "integrity": "sha512-iscysD+ZlM4A9zj0RS2zo3f4Us4yuov94Yx+p3dE1rEARaBHC8R3/gRq40KEnWp1lxjuFq9EjuAenIUsPaTaDA=="
    }
  }
}
